<?xml version="1.0" encoding="utf-8"?>
<Project ToolsVersion="4.0" xmlns="http://schemas.microsoft.com/developer/msbuild/2003">
  <ItemGroup>
    <ClCompile Include="src\Core\Random.cpp" />
    <ClCompile Include="src\Core\SoundManager.cpp" />
    <ClCompile Include="src\Dependencies\imgui-1.76\imgui.cpp" />
    <ClCompile Include="src\Dependencies\imgui-1.76\imgui_demo.cpp" />
    <ClCompile Include="src\Dependencies\imgui-1.76\imgui_draw.cpp" />
    <ClCompile Include="src\Dependencies\imgui-1.76\imgui_widgets.cpp" />
    <ClCompile Include="src\Dependencies\stb_image\stb_image.cpp" />
    <ClCompile Include="src\GraphicsAPI\OpenGLCubeMap.cpp" />
    <ClCompile Include="src\GraphicsAPI\OpenGLFramebuffer.cpp" />
    <ClCompile Include="src\GraphicsAPI\OpenGLTexture2D.cpp" />
    <ClCompile Include="src\Model.cpp" />
    <ClCompile Include="src\Rendering\Camera.cpp" />
    <ClCompile Include="src\Core\Input.cpp" />
    <ClCompile Include="src\GraphicsAPI\OpenGLShader.cpp" />
    <ClCompile Include="src\GraphicsAPI\OpenGLVertexArray.cpp" />
    <ClCompile Include="src\GraphicsAPI\OpenGLBuffer.cpp" />
    <ClCompile Include="src\Core\Application.cpp" />
    <ClCompile Include="src\Main.cpp" />
    <ClCompile Include="src\Core\Time.cpp" />
    <ClCompile Include="src\Rendering\DirectionalLight.cpp" />
    <ClCompile Include="src\Rendering\PointLight.cpp" />
    <ClCompile Include="src\Rendering\Renderer3D.cpp" />
    <ClCompile Include="src\Tests\AlecPointLightTest.h" />
    <ClCompile Include="src\GameModel\GameModel.cpp" />
  </ItemGroup>
  <ItemGroup>
    <ClInclude Include="src\AlecModel.h" />
    <ClInclude Include="src\Axes.h" />
    <ClInclude Include="src\Core\ImGui\ImGuiManager.h" />
    <ClInclude Include="src\Core\Random.h" />
    <ClInclude Include="src\Core\SoundManager.h" />
    <ClInclude Include="src\Dependencies\imgui-1.76\imconfig.h" />
    <ClInclude Include="src\Dependencies\imgui-1.76\imgui.h" />
    <ClInclude Include="src\Dependencies\imgui-1.76\imgui_internal.h" />
    <ClInclude Include="src\Dependencies\imgui-1.76\imstb_rectpack.h" />
    <ClInclude Include="src\Dependencies\imgui-1.76\imstb_textedit.h" />
    <ClInclude Include="src\Dependencies\imgui-1.76\imstb_truetype.h" />
    <ClInclude Include="src\GraphicsAPI\OpenGLFramebuffer.h" />
    <ClInclude Include="src\Grid.h" />
    <ClInclude Include="src\JamilHModel.h" />
    <ClInclude Include="src\JamilModel.h" />
    <ClInclude Include="src\JeanModel.h" />
    <ClInclude Include="src\MadelaineModel.h" />
    <ClInclude Include="src\ModelManager.h" />
    <ClInclude Include="src\Rendering\DirectionalLight.h" />
    <ClInclude Include="src\Rendering\PointLight.h" />
    <ClInclude Include="src\Tests\AudioTest.h" />
    <ClInclude Include="src\Tests\CameraControllerTestScene.h" />
    <ClInclude Include="src\Core\Debug.h" />
    <ClInclude Include="src\Tests\CubeRenderingTest.h" />
    <ClInclude Include="src\Dependencies\stb_image\stb_image.h" />
    <ClInclude Include="src\Tests\EmptySquareTest.h" />
    <ClInclude Include="src\GraphicsAPI\OpenGLCubeMap.h" />
    <ClInclude Include="src\GraphicsAPI\OpenGLTexture2D.h" />
    <ClInclude Include="src\Model.h" />
    <ClInclude Include="src\Tests\ImGuiTest.h" />
    <ClInclude Include="src\Tests\LightRadiusTest.h" />
    <ClInclude Include="src\Tests\MaterialTest.h" />
    <ClInclude Include="src\Tests\ParentTransformTest.h" />
    <ClInclude Include="src\Rendering\Camera.h" />
    <ClInclude Include="src\Core\Input.h" />
    <ClInclude Include="src\GraphicsAPI\OpenGLShader.h" />
    <ClInclude Include="src\GraphicsAPI\OpenGLVertexArray.h" />
    <ClInclude Include="src\GraphicsAPI\OpenGLBuffer.h" />
    <ClInclude Include="src\Core\Application.h" />
    <ClInclude Include="src\Core\Script.h" />
    <ClInclude Include="src\Rendering\CameraController.h" />
    <ClInclude Include="src\Rendering\Renderer3D.h" />
    <ClInclude Include="src\Rendering\Transform.h" />
    <ClInclude Include="src\Tests\PointLightTest.h" />
    <ClInclude Include="src\Tests\RendererDirectionalLightTest.h" />
    <ClInclude Include="src\Tests\TextureTest.h" />
    <ClInclude Include="src\Tests\TriangleTest.h" />
    <ClInclude Include="src\Core\Time.h" />
    <ClInclude Include="src\GraphicsAPI\OpenGLTexture.h" />
    <ClInclude Include="src\Game\HyperCubeGame.h" />
    <ClInclude Include="src\GameModel\GameModel.h" />
    <ClInclude Include="src\GameModel\ModelFive.h" />
    <ClInclude Include="src\GameModel\ModelFour.h" />
    <ClInclude Include="src\GameModel\ModelOne.h" />
    <ClInclude Include="src\GameModel\ModelThree.h" />
    <ClInclude Include="src\GameModel\ModelTwo.h" />
  </ItemGroup>
</Project>